<?xml version="1.0" encoding="utf-8"?>
<Project ToolsVersion="4.0" xmlns="http://schemas.microsoft.com/developer/msbuild/2003">
  <ItemGroup>
    <ClCompile Include="ArchiveExtractCallback.cpp">
      <Filter>Source Files</Filter>
    </ClCompile>
    <ClCompile Include="ArchiveOpenCallback.cpp">
      <Filter>Source Files</Filter>
    </ClCompile>
    <ClCompile Include="ArchiveUpdateCallback.cpp">
      <Filter>Source Files</Filter>
    </ClCompile>
    <ClCompile Include="FileSys.cpp">
      <Filter>Source Files</Filter>
    </ClCompile>
    <ClCompile Include="GUIDs.cpp">
      <Filter>Source Files</Filter>
    </ClCompile>
    <ClCompile Include="InStreamWrapper.cpp">
      <Filter>Source Files</Filter>
    </ClCompile>
    <ClCompile Include="MemExtractCallback.cpp">
      <Filter>Source Files</Filter>
    </ClCompile>
    <ClCompile Include="OutMemStream.cpp">
      <Filter>Source Files</Filter>
    </ClCompile>
    <ClCompile Include="OutStreamWrapper.cpp">
      <Filter>Source Files</Filter>
    </ClCompile>
    <ClCompile Include="PathScanner.cpp">
      <Filter>Source Files</Filter>
    </ClCompile>
    <ClCompile Include="PropVariant.cpp">
      <Filter>Source Files</Filter>
    </ClCompile>
    <ClCompile Include="SevenString.cpp">
      <Filter>Source Files</Filter>
    </ClCompile>
    <ClCompile Include="SevenZipArchive.cpp">
      <Filter>Source Files</Filter>
    </ClCompile>
    <ClCompile Include="SevenZipCompressor.cpp">
      <Filter>Source Files</Filter>
    </ClCompile>
    <ClCompile Include="SevenZipException.cpp">
      <Filter>Source Files</Filter>
    </ClCompile>
    <ClCompile Include="SevenZipExtractor.cpp">
      <Filter>Source Files</Filter>
    </ClCompile>
    <ClCompile Include="SevenZipLibrary.cpp">
      <Filter>Source Files</Filter>
    </ClCompile>
    <ClCompile Include="SevenZipLister.cpp">
      <Filter>Source Files</Filter>
    </ClCompile>
    <ClCompile Include="SevenZipWrapper.cpp">
      <Filter>Source Files</Filter>
    </ClCompile>
    <ClCompile Include="stdafx.cpp">
      <Filter>Source Files</Filter>
    </ClCompile>
    <ClCompile Include="UsefulFunctions.cpp">
      <Filter>Source Files</Filter>
    </ClCompile>
  </ItemGroup>
  <ItemGroup>
    <ClInclude Include="7zpp.h">
      <Filter>Header Files</Filter>
    </ClInclude>
    <ClInclude Include="ArchiveExtractCallback.h">
      <Filter>Header Files</Filter>
    </ClInclude>
    <ClInclude Include="ArchiveOpenCallback.h">
      <Filter>Header Files</Filter>
    </ClInclude>
    <ClInclude Include="ArchiveUpdateCallback.h">
      <Filter>Header Files</Filter>
    </ClInclude>
    <ClInclude Include="CompressionFormat.h">
      <Filter>Header Files</Filter>
    </ClInclude>
    <ClInclude Include="CompressionLevel.h">
      <Filter>Header Files</Filter>
    </ClInclude>
    <ClInclude Include="Enum.h">
      <Filter>Header Files</Filter>
    </ClInclude>
    <ClInclude Include="FileInfo.h">
      <Filter>Header Files</Filter>
    </ClInclude>
    <ClInclude Include="FileSys.h">
      <Filter>Header Files</Filter>
    </ClInclude>
    <ClInclude Include="GUIDs.h">
      <Filter>Header Files</Filter>
    </ClInclude>
    <ClInclude Include="InStreamWrapper.h">
      <Filter>Header Files</Filter>
    </ClInclude>
    <ClInclude Include="ListCallback.h">
      <Filter>Header Files</Filter>
    </ClInclude>
    <ClInclude Include="MemExtractCallback.h">
      <Filter>Header Files</Filter>
    </ClInclude>
    <ClInclude Include="OutMemStream.h">
      <Filter>Header Files</Filter>
    </ClInclude>
    <ClInclude Include="OutStreamWrapper.h">
      <Filter>Header Files</Filter>
    </ClInclude>
    <ClInclude Include="PathScanner.h">
      <Filter>Header Files</Filter>
    </ClInclude>
    <ClInclude Include="ProgressCallback.h">
      <Filter>Header Files</Filter>
    </ClInclude>
    <ClInclude Include="PropVariant.h">
      <Filter>Header Files</Filter>
    </ClInclude>
    <ClInclude Include="SevenString.h">
      <Filter>Header Files</Filter>
    </ClInclude>
    <ClInclude Include="SevenZipArchive.h">
      <Filter>Header Files</Filter>
    </ClInclude>
    <ClInclude Include="SevenZipCompressor.h">
      <Filter>Header Files</Filter>
    </ClInclude>
    <ClInclude Include="SevenZipException.h">
      <Filter>Header Files</Filter>
    </ClInclude>
    <ClInclude Include="SevenZipExtractor.h">
      <Filter>Header Files</Filter>
    </ClInclude>
    <ClInclude Include="SevenZipLibrary.h">
      <Filter>Header Files</Filter>
    </ClInclude>
    <ClInclude Include="SevenZipLister.h">
      <Filter>Header Files</Filter>
    </ClInclude>
    <ClInclude Include="SevenZipWrapper.h">
      <Filter>Header Files</Filter>
    </ClInclude>
    <ClInclude Include="stdafx.h">
      <Filter>Header Files</Filter>
    </ClInclude>
    <ClInclude Include="targetver.h">
      <Filter>Header Files</Filter>
    </ClInclude>
    <ClInclude Include="UsefulFunctions.h">
      <Filter>Header Files</Filter>
    </ClInclude>
  </ItemGroup>
  <ItemGroup>
    <Text Include="..\ReadMe.md" />
  </ItemGroup>
  <ItemGroup>
    <Filter Include="Header Files">
      <UniqueIdentifier>{49fad00b-49c0-4024-8c7a-9d3c25b39420}</UniqueIdentifier>
      <Extensions>h;hpp;hxx;hm;inl</Extensions>
    </Filter>
    <Filter Include="Source Files">
      <UniqueIdentifier>{041782ea-a37c-4a54-b868-0238a03eca0f}</UniqueIdentifier>
      <Extensions>cpp;c;cxx;r;hpj;bat</Extensions>
    </Filter>
  </ItemGroup>
</Project>